
Microsoft Visual Studio Solution File, Format Version 12.00
# Visual Studio 15
VisualStudioVersion = 15.0.28307.329
MinimumVisualStudioVersion = 10.0.40219.1
Project("{FAE04EC0-301F-11D3-BF4B-00C04F79EFBC}") = "coffee_machine", "coffee_machine\coffee_machine.csproj", "{2F9FBF4D-E4B9-4E0D-BEBF-A4852C4FF588}"
EndProject
Global
	GlobalSection(SolutionConfigurationPlatforms) = preSolution
		Debug|Any CPU = Debug|Any CPU
		Release|Any CPU = Release|Any CPU
	EndGlobalSection
	GlobalSection(ProjectConfigurationPlatforms) = postSolution
		{2F9FBF4D-E4B9-4E0D-BEBF-A4852C4FF588}.Debug|Any CPU.ActiveCfg = Debug|Any CPU
		{2F9FBF4D-E4B9-4E0D-BEBF-A4852C4FF588}.Debug|Any CPU.Build.0 = Debug|Any CPU
		{2F9FBF4D-E4B9-4E0D-BEBF-A4852C4FF588}.Release|Any CPU.ActiveCfg = Release|Any CPU
		{2F9FBF4D-E4B9-4E0D-BEBF-A4852C4FF588}.Release|Any CPU.Build.0 = Release|Any CPU
	EndGlobalSection
	GlobalSection(SolutionProperties) = preSolution
		HideSolutionNode = FALSE
	EndGlobalSection
	GlobalSection(ExtensibilityGlobals) = postSolution
		SolutionGuid = {154519D0-745A-4F3A-A8D6-7B7ED70FD667}
	EndGlobalSection
EndGlobal
